<?xml version="1.0" encoding="UTF-8" standalone="yes" ?>
<CodeBlocks_project_file>
	<FileVersion major="1" minor="6" />
	<Project>
		<Option title="cartectrl" />
		<Option pch_mode="2" />
		<Option compiler="armnoneeabi_gnu_gcc" />
		<Build>
			<Target title="Debug">
				<Option output="bin/Debug/cartectrl.elf" prefix_auto="0" extension_auto="0" />
				<Option object_output="obj/Debug/" />
				<Option type="1" />
				<Option compiler="armnoneeabi_gnu_gcc" />
			</Target>
			<Target title="Release">
				<Option output="bin/Release/cartectrl.elf" prefix_auto="0" extension_auto="0" />
				<Option object_output="obj/Release/" />
				<Option type="1" />
				<Option compiler="armnoneeabi_gnu_gcc" />
				<Compiler>
					<Add option="-O2" />
				</Compiler>
			</Target>
		</Build>
		<Compiler>
			<Add option="-Wall" />
			<Add option="-g" />
			<Add option="-mcpu=cortex-m4" />
			<Add option="-mfloat-abi=hard" />
			<Add option="-mfpu=fpv4-sp-d16" />
			<Add option="-gdwarf-2" />
			<Add option="-mthumb" />
			<Add option="-fverbose-asm" />
			<Add option="-DSTM32F4XX" />
			<Add option="-DUSE_STDPERIPH_DRIVER" />
			<Add option="-DRUN_FROM_FLASH=1" />
			<Add option="-DUSE_USB_OTG_FS=1" />
			<Add option="-DHSE_VALUE=8000000u" />
			<Add directory="include" />
			<Add directory="include/usb" />
			<Add directory="extlib/STM32F4-Discovery_FW_V1.1.0/Libraries/CMSIS/ST/STM32F4xx/Include" />
			<Add directory="extlib/STM32F4-Discovery_FW_V1.1.0/Libraries/CMSIS/Include" />
			<Add directory="extlib/STM32F4-Discovery_FW_V1.1.0/Libraries/STM32F4xx_StdPeriph_Driver/inc" />
			<Add directory="extlib/STM32F4-Discovery_FW_V1.1.0/Libraries/STM32_USB_Device_Library/Class/cdc/inc" />
			<Add directory="extlib/STM32F4-Discovery_FW_V1.1.0/Libraries/STM32_USB_Device_Library/Core/inc" />
			<Add directory="extlib/STM32F4-Discovery_FW_V1.1.0/Libraries/STM32_USB_OTG_Driver/inc" />
			<Add directory="extlib/STM32F4-Discovery_FW_V1.1.0/Libraries/STM32F4xx_StdPeriph_Driver" />
		</Compiler>
		<Linker>
			<Add option="-mcpu=cortex-m4" />
			<Add option="-mthumb" />
			<Add option="-nostartfiles" />
			<Add option="-T./linker/stm32f4_linker.ld" />
			<Add option="-Wl,--no-warn-mismatch" />
			<Add option="-Wl,--cref,-Map=$(TARGET_OUTPUT_FILE).map" />
			<Add option="-mfloat-abi=hard" />
			<Add option="-mfpu=fpv4-sp-d16" />
		</Linker>
		<ExtraCommands>
			<Add after="arm-none-eabi-size ${TARGET_OUTPUT_FILE}" />
			<Mode after="always" />
		</ExtraCommands>
		<Unit filename="extlib/STM32F4-Discovery_FW_V1.1.0/Libraries/STM32F4xx_StdPeriph_Driver/src/misc.c">
			<Option compilerVar="CC" />
		</Unit>
		<Unit filename="extlib/STM32F4-Discovery_FW_V1.1.0/Libraries/STM32F4xx_StdPeriph_Driver/src/stm32f4xx_flash.c">
			<Option compilerVar="CC" />
		</Unit>
		<Unit filename="extlib/STM32F4-Discovery_FW_V1.1.0/Libraries/STM32F4xx_StdPeriph_Driver/src/stm32f4xx_gpio.c">
			<Option compilerVar="CC" />
		</Unit>
		<Unit filename="extlib/STM32F4-Discovery_FW_V1.1.0/Libraries/STM32F4xx_StdPeriph_Driver/src/stm32f4xx_pwr.c">
			<Option compilerVar="CC" />
		</Unit>
		<Unit filename="extlib/STM32F4-Discovery_FW_V1.1.0/Libraries/STM32F4xx_StdPeriph_Driver/src/stm32f4xx_rcc.c">
			<Option compilerVar="CC" />
		</Unit>
		<Unit filename="extlib/STM32F4-Discovery_FW_V1.1.0/Libraries/STM32_USB_Device_Library/Class/cdc/src/usbd_cdc_core.c">
			<Option compilerVar="CC" />
		</Unit>
		<Unit filename="extlib/STM32F4-Discovery_FW_V1.1.0/Libraries/STM32_USB_Device_Library/Core/src/usbd_core.c">
			<Option compilerVar="CC" />
		</Unit>
		<Unit filename="extlib/STM32F4-Discovery_FW_V1.1.0/Libraries/STM32_USB_Device_Library/Core/src/usbd_ioreq.c">
			<Option compilerVar="CC" />
		</Unit>
		<Unit filename="extlib/STM32F4-Discovery_FW_V1.1.0/Libraries/STM32_USB_Device_Library/Core/src/usbd_req.c">
			<Option compilerVar="CC" />
		</Unit>
		<Unit filename="extlib/STM32F4-Discovery_FW_V1.1.0/Libraries/STM32_USB_OTG_Driver/src/usb_dcd.c">
			<Option compilerVar="CC" />
		</Unit>
		<Unit filename="extlib/STM32F4-Discovery_FW_V1.1.0/Libraries/STM32_USB_OTG_Driver/src/usb_dcd_int.c">
			<Option compilerVar="CC" />
		</Unit>
		<Unit filename="include/initClock.h" />
		<Unit filename="include/usb/usb_conf.h" />
		<Unit filename="include/usb/usbd_cdc.h" />
		<Unit filename="include/usb/usbd_conf.h" />
		<Unit filename="include/usb/usbd_desc.h" />
		<Unit filename="linker/stm32f4_linker.ld" />
		<Unit filename="src/initClock.c">
			<Option compilerVar="CC" />
		</Unit>
		<Unit filename="src/interrupts/stm32fxxx_it.c">
			<Option compilerVar="CC" />
		</Unit>
		<Unit filename="src/main.c">
			<Option compilerVar="CC" />
		</Unit>
		<Unit filename="src/syscall.c">
			<Option compilerVar="CC" />
		</Unit>
		<Unit filename="src/usb/usb_bsp.c">
			<Option compilerVar="CC" />
		</Unit>
		<Unit filename="src/usb/usb_core.c">
			<Option compilerVar="CC" />
		</Unit>
		<Unit filename="src/usb/usbd_cdc.c">
			<Option compilerVar="CC" />
		</Unit>
		<Unit filename="src/usb/usbd_desc.c">
			<Option compilerVar="CC" />
		</Unit>
		<Unit filename="src/usb/usbd_usr.c">
			<Option compilerVar="CC" />
		</Unit>
		<Unit filename="startup/startup_stm32f4xx.s">
			<Option compiler="armnoneeabi_gnu_gcc" use="1" buildCommand="$compiler -x assembler-with-cpp $includes -c $file -o $object" />
		</Unit>
		<Extensions>
			<code_completion />
			<envvars />
			<debugger>
				<remote_debugging>
					<options conn_type="0" serial_baud="115200" additional_cmds_before='target remote | openocd -c &quot;gdb_port pipe&quot; -f config.cfg&#x0A;monitor reset halt&#x0A;load' />
				</remote_debugging>
			</debugger>
			<lib_finder disable_auto="1" />
			<mcu>
				<device family="STM32" device="STM32F101C4" />
			</mcu>
			<gdbremote>
				<hardware interface="parport" option="wiggler" jtagspeed="" gdbport="2000" configfile="config.cfg" auto="false" telnetport="4444" tclport="6666" />
				<advintopts />
			</gdbremote>
		</Extensions>
	</Project>
</CodeBlocks_project_file>
