<?xml version="1.0" encoding="utf-8"?>
<Project ToolsVersion="4.0" xmlns="http://schemas.microsoft.com/developer/msbuild/2003">
  <ItemGroup>
    <Filter Include="Fichiers sources">
      <UniqueIdentifier>{4FC737F1-C7A5-4376-A066-2A32D752A2FF}</UniqueIdentifier>
      <Extensions>cpp;c;cc;cxx;def;odl;idl;hpj;bat;asm;asmx</Extensions>
    </Filter>
    <Filter Include="Fichiers d%27en-tête">
      <UniqueIdentifier>{93995380-89BD-4b04-88EB-625FBE52EBFB}</UniqueIdentifier>
      <Extensions>h;hpp;hxx;hm;inl;inc;xsd</Extensions>
    </Filter>
    <Filter Include="Fichiers de ressources">
      <UniqueIdentifier>{67DA6AB6-F800-4c08-8B7A-83BB121AAD01}</UniqueIdentifier>
      <Extensions>rc;ico;cur;bmp;dlg;rc2;rct;bin;rgs;gif;jpg;jpeg;jpe;resx;tiff;tif;png;wav;mfcribbon-ms</Extensions>
    </Filter>
    <Filter Include="Fichiers d%27en-tête\Utilities">
      <UniqueIdentifier>{8d0a167e-f150-4cfa-bced-8053c26768b8}</UniqueIdentifier>
    </Filter>
    <Filter Include="Fichiers d%27en-tête\ImageProcessing">
      <UniqueIdentifier>{ca7a8e58-26e5-4e1a-954f-47e0e6bc060f}</UniqueIdentifier>
    </Filter>
    <Filter Include="Fichiers d%27en-tête\BehaviorManager">
      <UniqueIdentifier>{65845d08-b52f-45aa-9460-8e7f41dc8a84}</UniqueIdentifier>
    </Filter>
    <Filter Include="Fichiers sources\ImageProcessing">
      <UniqueIdentifier>{390e1e26-d8ff-45f7-a2fb-762573111b44}</UniqueIdentifier>
    </Filter>
    <Filter Include="Fichiers sources\BehaviorManager">
      <UniqueIdentifier>{130225d1-4637-463a-a483-3615c86789a2}</UniqueIdentifier>
    </Filter>
    <Filter Include="Fichiers sources\Utilities">
      <UniqueIdentifier>{86a1e67b-8a0b-4a55-aa00-42790cce74f4}</UniqueIdentifier>
    </Filter>
    <Filter Include="Fichiers de ressources\Config">
      <UniqueIdentifier>{bd3fe53d-4ec8-49de-9ac1-664f3779352b}</UniqueIdentifier>
    </Filter>
    <Filter Include="Fichiers sources\Control">
      <UniqueIdentifier>{89e1fc7a-b808-4b91-be16-4270ca0d15f0}</UniqueIdentifier>
    </Filter>
    <Filter Include="Fichiers d%27en-tête\Control">
      <UniqueIdentifier>{fb98327b-3411-4ada-b5fa-ae34ab2e9d79}</UniqueIdentifier>
    </Filter>
  </ItemGroup>
  <ItemGroup>
    <ClInclude Include="Utilities\logger.h">
      <Filter>Fichiers d%27en-tête\Utilities</Filter>
    </ClInclude>
    <ClInclude Include="ImageProcessing\ColorFinder.h">
      <Filter>Fichiers d%27en-tête\ImageProcessing</Filter>
    </ClInclude>
    <ClInclude Include="ImageProcessing\ImageProcessing.h">
      <Filter>Fichiers d%27en-tête\ImageProcessing</Filter>
    </ClInclude>
    <ClInclude Include="ImageProcessing\Camera.h">
      <Filter>Fichiers d%27en-tête\ImageProcessing</Filter>
    </ClInclude>
    <ClInclude Include="Utilities\pugiconfig.h">
      <Filter>Fichiers d%27en-tête\Utilities</Filter>
    </ClInclude>
    <ClInclude Include="Utilities\pugixml.h">
      <Filter>Fichiers d%27en-tête\Utilities</Filter>
    </ClInclude>
    <ClInclude Include="Utilities\XmlParser.h">
      <Filter>Fichiers d%27en-tête\Utilities</Filter>
    </ClInclude>
    <ClInclude Include="ImageProcessing\ObjectTracker.h">
      <Filter>Fichiers d%27en-tête\ImageProcessing</Filter>
    </ClInclude>
    <ClInclude Include="Control\STM32F4.h">
      <Filter>Fichiers d%27en-tête\Control</Filter>
    </ClInclude>
    <ClInclude Include="Utilities\SerialInterface.h">
      <Filter>Fichiers d%27en-tête\Utilities</Filter>
    </ClInclude>
  </ItemGroup>
  <ItemGroup>
    <ClCompile Include="RobotFoot.cpp">
      <Filter>Fichiers sources</Filter>
    </ClCompile>
    <ClCompile Include="ImageProcessing\ColorFinder.cpp">
      <Filter>Fichiers sources\ImageProcessing</Filter>
    </ClCompile>
    <ClCompile Include="ImageProcessing\ImageProcessing.cpp">
      <Filter>Fichiers sources\ImageProcessing</Filter>
    </ClCompile>
    <ClCompile Include="ImageProcessing\Camera.cpp">
      <Filter>Fichiers sources\ImageProcessing</Filter>
    </ClCompile>
    <ClCompile Include="Utilities\pugixml.cpp">
      <Filter>Fichiers sources\Utilities</Filter>
    </ClCompile>
    <ClCompile Include="Utilities\XmlParser.cpp">
      <Filter>Fichiers sources\Utilities</Filter>
    </ClCompile>
    <ClCompile Include="Utilities\logger.cpp">
      <Filter>Fichiers sources\Utilities</Filter>
    </ClCompile>
    <ClCompile Include="ImageProcessing\ObjectTracker.cpp">
      <Filter>Fichiers sources\ImageProcessing</Filter>
    </ClCompile>
    <ClCompile Include="Control\STM32F4.cpp">
      <Filter>Fichiers sources\Control</Filter>
    </ClCompile>
    <ClCompile Include="Utilities\SerialInterface.cpp">
      <Filter>Fichiers sources\Utilities</Filter>
    </ClCompile>
  </ItemGroup>
  <ItemGroup>
    <None Include="..\config\config.ini">
      <Filter>Fichiers de ressources\Config</Filter>
    </None>
  </ItemGroup>
</Project>